
Microsoft Visual Studio Solution File, Format Version 12.00
# Visual Studio Version 16
VisualStudioVersion = 16.0.30611.23
MinimumVisualStudioVersion = 10.0.40219.1
Project("{FAE04EC0-301F-11D3-BF4B-00C04F79EFBC}") = "DatabasePlayground", "DatabasePlayground\DatabasePlayground.csproj", "{E42483B0-D4DE-43AC-84C0-6C9CF9327C13}"
EndProject
Global
	GlobalSection(SolutionConfigurationPlatforms) = preSolution
		Debug|Any CPU = Debug|Any CPU
		Release|Any CPU = Release|Any CPU
	EndGlobalSection
	GlobalSection(ProjectConfigurationPlatforms) = postSolution
		{E42483B0-D4DE-43AC-84C0-6C9CF9327C13}.Debug|Any CPU.ActiveCfg = Debug|Any CPU
		{E42483B0-D4DE-43AC-84C0-6C9CF9327C13}.Debug|Any CPU.Build.0 = Debug|Any CPU
		{E42483B0-D4DE-43AC-84C0-6C9CF9327C13}.Release|Any CPU.ActiveCfg = Release|Any CPU
		{E42483B0-D4DE-43AC-84C0-6C9CF9327C13}.Release|Any CPU.Build.0 = Release|Any CPU
	EndGlobalSection
	GlobalSection(SolutionProperties) = preSolution
		HideSolutionNode = FALSE
	EndGlobalSection
	GlobalSection(ExtensibilityGlobals) = postSolution
		SolutionGuid = {DC343CDD-A352-463D-9B06-8419DA4F02AB}
	EndGlobalSection
EndGlobal
